// !$*UTF8*$!
{
	archiveVersion = 1;
	classes = {
	};
	objectVersion = 55;
	objects = {

/* Begin PBXBuildFile section */
		8B1927C827F5FC5700275E69 /* AppDelegate.swift in Sources */ = {isa = PBXBuildFile; fileRef = 8B1927C727F5FC5700275E69 /* AppDelegate.swift */; };
		8B1927CA27F5FC5700275E69 /* GameScene.sks in Resources */ = {isa = PBXBuildFile; fileRef = 8B1927C927F5FC5700275E69 /* GameScene.sks */; };
		8B1927CE27F5FC5700275E69 /* GameScene.swift in Sources */ = {isa = PBXBuildFile; fileRef = 8B1927CD27F5FC5700275E69 /* GameScene.swift */; };
		8B1927D027F5FC5700275E69 /* GameViewController.swift in Sources */ = {isa = PBXBuildFile; fileRef = 8B1927CF27F5FC5700275E69 /* GameViewController.swift */; };
		8B1927D327F5FC5700275E69 /* Main.storyboard in Resources */ = {isa = PBXBuildFile; fileRef = 8B1927D127F5FC5700275E69 /* Main.storyboard */; };
		8B1927D527F5FC5900275E69 /* Assets.xcassets in Resources */ = {isa = PBXBuildFile; fileRef = 8B1927D427F5FC5900275E69 /* Assets.xcassets */; };
		8B1927D827F5FC5900275E69 /* LaunchScreen.storyboard in Resources */ = {isa = PBXBuildFile; fileRef = 8B1927D627F5FC5900275E69 /* LaunchScreen.storyboard */; };
		8B5F06F127F62434000C5CBF /* TerrainNode.swift in Sources */ = {isa = PBXBuildFile; fileRef = 8B5F06F027F62434000C5CBF /* TerrainNode.swift */; };
		8B5F06F527F64ABE000C5CBF /* Trig.swift in Sources */ = {isa = PBXBuildFile; fileRef = 8B5F06F427F64ABE000C5CBF /* Trig.swift */; };
		8B5F06F827F92C2E000C5CBF /* JoystickNode.swift in Sources */ = {isa = PBXBuildFile; fileRef = 8B5F06F727F92C2E000C5CBF /* JoystickNode.swift */; };
		8B5F071F27FB948E000C5CBF /* LauncherParticle.sks in Resources */ = {isa = PBXBuildFile; fileRef = 8B5F071E27FB948E000C5CBF /* LauncherParticle.sks */; };
		8B5F072327FCAD4F000C5CBF /* StockTile.sks in Resources */ = {isa = PBXBuildFile; fileRef = 8B5F072127FCAD4F000C5CBF /* StockTile.sks */; };
		8B5F072A27FD1402000C5CBF /* MapFactory.swift in Sources */ = {isa = PBXBuildFile; fileRef = 8B5F072927FD1402000C5CBF /* MapFactory.swift */; };
		8B5F072E27FD3863000C5CBF /* SkyFactory.swift in Sources */ = {isa = PBXBuildFile; fileRef = 8B5F072D27FD3863000C5CBF /* SkyFactory.swift */; };
		8B75248A2800BA55001B4BC1 /* ButtonNode.swift in Sources */ = {isa = PBXBuildFile; fileRef = 8B7524892800BA55001B4BC1 /* ButtonNode.swift */; };
		8B75248C28049359001B4BC1 /* StartingPlatform.swift in Sources */ = {isa = PBXBuildFile; fileRef = 8B75248B28049359001B4BC1 /* StartingPlatform.swift */; };
		8BD8C24127F61736008EC7A8 /* PlayerNode.swift in Sources */ = {isa = PBXBuildFile; fileRef = 8BD8C24027F61736008EC7A8 /* PlayerNode.swift */; };
		8BD8C24327F6187B008EC7A8 /* LauncherNode.swift in Sources */ = {isa = PBXBuildFile; fileRef = 8BD8C24227F6187B008EC7A8 /* LauncherNode.swift */; };
		8BF1BACA27FDD91B00C72602 /* DateFactory.swift in Sources */ = {isa = PBXBuildFile; fileRef = 8BF1BAC927FDD91B00C72602 /* DateFactory.swift */; };
		8BF1BACC27FDE35A00C72602 /* BlackHole.swift in Sources */ = {isa = PBXBuildFile; fileRef = 8BF1BACB27FDE35A00C72602 /* BlackHole.swift */; };
		8BF1BACF27FDE53800C72602 /* BlackHole.sks in Resources */ = {isa = PBXBuildFile; fileRef = 8BF1BACD27FDE53800C72602 /* BlackHole.sks */; };
		8BF1BAD227FE15D600C72602 /* RNGFactory.swift in Sources */ = {isa = PBXBuildFile; fileRef = 8BF1BAD127FE15D600C72602 /* RNGFactory.swift */; };
/* End PBXBuildFile section */

/* Begin PBXFileReference section */
		8B1927C427F5FC5700275E69 /* Blasty.app */ = {isa = PBXFileReference; explicitFileType = wrapper.application; includeInIndex = 0; path = Blasty.app; sourceTree = BUILT_PRODUCTS_DIR; };
		8B1927C727F5FC5700275E69 /* AppDelegate.swift */ = {isa = PBXFileReference; lastKnownFileType = sourcecode.swift; path = AppDelegate.swift; sourceTree = "<group>"; };
		8B1927C927F5FC5700275E69 /* GameScene.sks */ = {isa = PBXFileReference; lastKnownFileType = file.sks; path = GameScene.sks; sourceTree = "<group>"; };
		8B1927CD27F5FC5700275E69 /* GameScene.swift */ = {isa = PBXFileReference; lastKnownFileType = sourcecode.swift; path = GameScene.swift; sourceTree = "<group>"; };
		8B1927CF27F5FC5700275E69 /* GameViewController.swift */ = {isa = PBXFileReference; lastKnownFileType = sourcecode.swift; path = GameViewController.swift; sourceTree = "<group>"; };
		8B1927D227F5FC5700275E69 /* Base */ = {isa = PBXFileReference; lastKnownFileType = file.storyboard; name = Base; path = Base.lproj/Main.storyboard; sourceTree = "<group>"; };
		8B1927D427F5FC5900275E69 /* Assets.xcassets */ = {isa = PBXFileReference; lastKnownFileType = folder.assetcatalog; path = Assets.xcassets; sourceTree = "<group>"; };
		8B1927D727F5FC5900275E69 /* Base */ = {isa = PBXFileReference; lastKnownFileType = file.storyboard; name = Base; path = Base.lproj/LaunchScreen.storyboard; sourceTree = "<group>"; };
		8B5F06F027F62434000C5CBF /* TerrainNode.swift */ = {isa = PBXFileReference; lastKnownFileType = sourcecode.swift; path = TerrainNode.swift; sourceTree = "<group>"; };
		8B5F06F427F64ABE000C5CBF /* Trig.swift */ = {isa = PBXFileReference; lastKnownFileType = sourcecode.swift; path = Trig.swift; sourceTree = "<group>"; };
		8B5F06F727F92C2E000C5CBF /* JoystickNode.swift */ = {isa = PBXFileReference; lastKnownFileType = sourcecode.swift; path = JoystickNode.swift; sourceTree = "<group>"; };
		8B5F071E27FB948E000C5CBF /* LauncherParticle.sks */ = {isa = PBXFileReference; lastKnownFileType = file.sks; path = LauncherParticle.sks; sourceTree = "<group>"; };
		8B5F072127FCAD4F000C5CBF /* StockTile.sks */ = {isa = PBXFileReference; lastKnownFileType = file.sks; path = StockTile.sks; sourceTree = "<group>"; };
		8B5F072927FD1402000C5CBF /* MapFactory.swift */ = {isa = PBXFileReference; lastKnownFileType = sourcecode.swift; path = MapFactory.swift; sourceTree = "<group>"; };
		8B5F072D27FD3863000C5CBF /* SkyFactory.swift */ = {isa = PBXFileReference; lastKnownFileType = sourcecode.swift; path = SkyFactory.swift; sourceTree = "<group>"; };
		8B7524892800BA55001B4BC1 /* ButtonNode.swift */ = {isa = PBXFileReference; lastKnownFileType = sourcecode.swift; path = ButtonNode.swift; sourceTree = "<group>"; };
		8B75248B28049359001B4BC1 /* StartingPlatform.swift */ = {isa = PBXFileReference; lastKnownFileType = sourcecode.swift; path = StartingPlatform.swift; sourceTree = "<group>"; };
		8BD8C24027F61736008EC7A8 /* PlayerNode.swift */ = {isa = PBXFileReference; lastKnownFileType = sourcecode.swift; path = PlayerNode.swift; sourceTree = "<group>"; };
		8BD8C24227F6187B008EC7A8 /* LauncherNode.swift */ = {isa = PBXFileReference; lastKnownFileType = sourcecode.swift; path = LauncherNode.swift; sourceTree = "<group>"; };
		8BF1BAC927FDD91B00C72602 /* DateFactory.swift */ = {isa = PBXFileReference; lastKnownFileType = sourcecode.swift; path = DateFactory.swift; sourceTree = "<group>"; };
		8BF1BACB27FDE35A00C72602 /* BlackHole.swift */ = {isa = PBXFileReference; lastKnownFileType = sourcecode.swift; path = BlackHole.swift; sourceTree = "<group>"; };
		8BF1BACD27FDE53800C72602 /* BlackHole.sks */ = {isa = PBXFileReference; lastKnownFileType = file.sks; path = BlackHole.sks; sourceTree = "<group>"; };
		8BF1BAD127FE15D600C72602 /* RNGFactory.swift */ = {isa = PBXFileReference; lastKnownFileType = sourcecode.swift; path = RNGFactory.swift; sourceTree = "<group>"; };
/* End PBXFileReference section */

/* Begin PBXFrameworksBuildPhase section */
		8B1927C127F5FC5700275E69 /* Frameworks */ = {
			isa = PBXFrameworksBuildPhase;
			buildActionMask = 2147483647;
			files = (
			);
			runOnlyForDeploymentPostprocessing = 0;
		};
/* End PBXFrameworksBuildPhase section */

/* Begin PBXGroup section */
		8B1927BB27F5FC5700275E69 = {
			isa = PBXGroup;
			children = (
				8B1927C627F5FC5700275E69 /* Blasty */,
				8B1927C527F5FC5700275E69 /* Products */,
			);
			sourceTree = "<group>";
		};
		8B1927C527F5FC5700275E69 /* Products */ = {
			isa = PBXGroup;
			children = (
				8B1927C427F5FC5700275E69 /* Blasty.app */,
			);
			name = Products;
			sourceTree = "<group>";
		};
		8B1927C627F5FC5700275E69 /* Blasty */ = {
			isa = PBXGroup;
			children = (
				8BF1BAD327FE24F000C72602 /* Textures */,
				8B1927CD27F5FC5700275E69 /* GameScene.swift */,
				8BF1BAC827FDD90700C72602 /* Helpers */,
				8B5F072027FC91F6000C5CBF /* Particles */,
				8B5F06F627F781F1000C5CBF /* Models */,
				8B1927CF27F5FC5700275E69 /* GameViewController.swift */,
				8B1927C727F5FC5700275E69 /* AppDelegate.swift */,
				8B1927C927F5FC5700275E69 /* GameScene.sks */,
				8B1927D127F5FC5700275E69 /* Main.storyboard */,
				8B1927D427F5FC5900275E69 /* Assets.xcassets */,
				8B1927D627F5FC5900275E69 /* LaunchScreen.storyboard */,
			);
			path = Blasty;
			sourceTree = "<group>";
		};
		8B5F06F627F781F1000C5CBF /* Models */ = {
			isa = PBXGroup;
			children = (
				8B5F06F027F62434000C5CBF /* TerrainNode.swift */,
				8B75248B28049359001B4BC1 /* StartingPlatform.swift */,
				8BD8C24027F61736008EC7A8 /* PlayerNode.swift */,
				8BD8C24227F6187B008EC7A8 /* LauncherNode.swift */,
				8B5F06F727F92C2E000C5CBF /* JoystickNode.swift */,
				8B7524892800BA55001B4BC1 /* ButtonNode.swift */,
				8BF1BACB27FDE35A00C72602 /* BlackHole.swift */,
			);
			path = Models;
			sourceTree = "<group>";
		};
		8B5F072027FC91F6000C5CBF /* Particles */ = {
			isa = PBXGroup;
			children = (
				8B5F071E27FB948E000C5CBF /* LauncherParticle.sks */,
				8BF1BACD27FDE53800C72602 /* BlackHole.sks */,
			);
			path = Particles;
			sourceTree = "<group>";
		};
		8BF1BAC827FDD90700C72602 /* Helpers */ = {
			isa = PBXGroup;
			children = (
				8B5F06F427F64ABE000C5CBF /* Trig.swift */,
				8BF1BAC927FDD91B00C72602 /* DateFactory.swift */,
				8BF1BAD127FE15D600C72602 /* RNGFactory.swift */,
				8B5F072927FD1402000C5CBF /* MapFactory.swift */,
				8B5F072D27FD3863000C5CBF /* SkyFactory.swift */,
			);
			path = Helpers;
			sourceTree = "<group>";
		};
		8BF1BAD327FE24F000C72602 /* Textures */ = {
			isa = PBXGroup;
			children = (
				8B5F072127FCAD4F000C5CBF /* StockTile.sks */,
			);
			path = Textures;
			sourceTree = "<group>";
		};
/* End PBXGroup section */

/* Begin PBXNativeTarget section */
		8B1927C327F5FC5700275E69 /* Blasty */ = {
			isa = PBXNativeTarget;
			buildConfigurationList = 8B1927DB27F5FC5900275E69 /* Build configuration list for PBXNativeTarget "Blasty" */;
			buildPhases = (
				8B1927C027F5FC5700275E69 /* Sources */,
				8B1927C127F5FC5700275E69 /* Frameworks */,
				8B1927C227F5FC5700275E69 /* Resources */,
			);
			buildRules = (
			);
			dependencies = (
			);
			name = Blasty;
			productName = Blasty;
			productReference = 8B1927C427F5FC5700275E69 /* Blasty.app */;
			productType = "com.apple.product-type.application";
		};
/* End PBXNativeTarget section */

/* Begin PBXProject section */
		8B1927BC27F5FC5700275E69 /* Project object */ = {
			isa = PBXProject;
			attributes = {
				BuildIndependentTargetsInParallel = 1;
				LastSwiftUpdateCheck = 1330;
				LastUpgradeCheck = 1330;
				TargetAttributes = {
					8B1927C327F5FC5700275E69 = {
						CreatedOnToolsVersion = 13.3;
					};
				};
			};
			buildConfigurationList = 8B1927BF27F5FC5700275E69 /* Build configuration list for PBXProject "Blasty" */;
			compatibilityVersion = "Xcode 13.0";
			developmentRegion = en;
			hasScannedForEncodings = 0;
			knownRegions = (
				en,
				Base,
			);
			mainGroup = 8B1927BB27F5FC5700275E69;
			productRefGroup = 8B1927C527F5FC5700275E69 /* Products */;
			projectDirPath = "";
			projectRoot = "";
			targets = (
				8B1927C327F5FC5700275E69 /* Blasty */,
			);
		};
/* End PBXProject section */

/* Begin PBXResourcesBuildPhase section */
		8B1927C227F5FC5700275E69 /* Resources */ = {
			isa = PBXResourcesBuildPhase;
			buildActionMask = 2147483647;
			files = (
				8B5F072327FCAD4F000C5CBF /* StockTile.sks in Resources */,
				8BF1BACF27FDE53800C72602 /* BlackHole.sks in Resources */,
				8B1927D327F5FC5700275E69 /* Main.storyboard in Resources */,
				8B5F071F27FB948E000C5CBF /* LauncherParticle.sks in Resources */,
				8B1927CA27F5FC5700275E69 /* GameScene.sks in Resources */,
				8B1927D527F5FC5900275E69 /* Assets.xcassets in Resources */,
				8B1927D827F5FC5900275E69 /* LaunchScreen.storyboard in Resources */,
			);
			runOnlyForDeploymentPostprocessing = 0;
		};
/* End PBXResourcesBuildPhase section */

/* Begin PBXSourcesBuildPhase section */
		8B1927C027F5FC5700275E69 /* Sources */ = {
			isa = PBXSourcesBuildPhase;
			buildActionMask = 2147483647;
			files = (
				8B5F072A27FD1402000C5CBF /* MapFactory.swift in Sources */,
				8B5F06F827F92C2E000C5CBF /* JoystickNode.swift in Sources */,
				8B75248C28049359001B4BC1 /* StartingPlatform.swift in Sources */,
				8BF1BACA27FDD91B00C72602 /* DateFactory.swift in Sources */,
				8B1927CE27F5FC5700275E69 /* GameScene.swift in Sources */,
				8B1927D027F5FC5700275E69 /* GameViewController.swift in Sources */,
				8B5F072E27FD3863000C5CBF /* SkyFactory.swift in Sources */,
				8B5F06F527F64ABE000C5CBF /* Trig.swift in Sources */,
				8BD8C24327F6187B008EC7A8 /* LauncherNode.swift in Sources */,
				8BD8C24127F61736008EC7A8 /* PlayerNode.swift in Sources */,
				8BF1BAD227FE15D600C72602 /* RNGFactory.swift in Sources */,
				8B1927C827F5FC5700275E69 /* AppDelegate.swift in Sources */,
				8B5F06F127F62434000C5CBF /* TerrainNode.swift in Sources */,
				8BF1BACC27FDE35A00C72602 /* BlackHole.swift in Sources */,
				8B75248A2800BA55001B4BC1 /* ButtonNode.swift in Sources */,
			);
			runOnlyForDeploymentPostprocessing = 0;
		};
/* End PBXSourcesBuildPhase section */

/* Begin PBXVariantGroup section */
		8B1927D127F5FC5700275E69 /* Main.storyboard */ = {
			isa = PBXVariantGroup;
			children = (
				8B1927D227F5FC5700275E69 /* Base */,
			);
			name = Main.storyboard;
			sourceTree = "<group>";
		};
		8B1927D627F5FC5900275E69 /* LaunchScreen.storyboard */ = {
			isa = PBXVariantGroup;
			children = (
				8B1927D727F5FC5900275E69 /* Base */,
			);
			name = LaunchScreen.storyboard;
			sourceTree = "<group>";
		};
/* End PBXVariantGroup section */

/* Begin XCBuildConfiguration section */
		8B1927D927F5FC5900275E69 /* Debug */ = {
			isa = XCBuildConfiguration;
			buildSettings = {
				ALWAYS_SEARCH_USER_PATHS = NO;
				CLANG_ANALYZER_NONNULL = YES;
				CLANG_ANALYZER_NUMBER_OBJECT_CONVERSION = YES_AGGRESSIVE;
				CLANG_CXX_LANGUAGE_STANDARD = "gnu++17";
				CLANG_ENABLE_MODULES = YES;
				CLANG_ENABLE_OBJC_ARC = YES;
				CLANG_ENABLE_OBJC_WEAK = YES;
				CLANG_WARN_BLOCK_CAPTURE_AUTORELEASING = YES;
				CLANG_WARN_BOOL_CONVERSION = YES;
				CLANG_WARN_COMMA = YES;
				CLANG_WARN_CONSTANT_CONVERSION = YES;
				CLANG_WARN_DEPRECATED_OBJC_IMPLEMENTATIONS = YES;
				CLANG_WARN_DIRECT_OBJC_ISA_USAGE = YES_ERROR;
				CLANG_WARN_DOCUMENTATION_COMMENTS = YES;
				CLANG_WARN_EMPTY_BODY = YES;
				CLANG_WARN_ENUM_CONVERSION = YES;
				CLANG_WARN_INFINITE_RECURSION = YES;
				CLANG_WARN_INT_CONVERSION = YES;
				CLANG_WARN_NON_LITERAL_NULL_CONVERSION = YES;
				CLANG_WARN_OBJC_IMPLICIT_RETAIN_SELF = YES;
				CLANG_WARN_OBJC_LITERAL_CONVERSION = YES;
				CLANG_WARN_OBJC_ROOT_CLASS = YES_ERROR;
				CLANG_WARN_QUOTED_INCLUDE_IN_FRAMEWORK_HEADER = YES;
				CLANG_WARN_RANGE_LOOP_ANALYSIS = YES;
				CLANG_WARN_STRICT_PROTOTYPES = YES;
				CLANG_WARN_SUSPICIOUS_MOVE = YES;
				CLANG_WARN_UNGUARDED_AVAILABILITY = YES_AGGRESSIVE;
				CLANG_WARN_UNREACHABLE_CODE = YES;
				CLANG_WARN__DUPLICATE_METHOD_MATCH = YES;
				COPY_PHASE_STRIP = NO;
				DEBUG_INFORMATION_FORMAT = dwarf;
				ENABLE_STRICT_OBJC_MSGSEND = YES;
				ENABLE_TESTABILITY = YES;
				GCC_C_LANGUAGE_STANDARD = gnu11;
				GCC_DYNAMIC_NO_PIC = NO;
				GCC_NO_COMMON_BLOCKS = YES;
				GCC_OPTIMIZATION_LEVEL = 0;
				GCC_PREPROCESSOR_DEFINITIONS = (
					"DEBUG=1",
					"$(inherited)",
				);
				GCC_WARN_64_TO_32_BIT_CONVERSION = YES;
				GCC_WARN_ABOUT_RETURN_TYPE = YES_ERROR;
				GCC_WARN_UNDECLARED_SELECTOR = YES;
				GCC_WARN_UNINITIALIZED_AUTOS = YES_AGGRESSIVE;
				GCC_WARN_UNUSED_FUNCTION = YES;
				GCC_WARN_UNUSED_VARIABLE = YES;
				IPHONEOS_DEPLOYMENT_TARGET = 15.4;
				MTL_ENABLE_DEBUG_INFO = INCLUDE_SOURCE;
				MTL_FAST_MATH = YES;
				ONLY_ACTIVE_ARCH = YES;
				SDKROOT = iphoneos;
				SWIFT_ACTIVE_COMPILATION_CONDITIONS = DEBUG;
				SWIFT_OPTIMIZATION_LEVEL = "-Onone";
			};
			name = Debug;
		};
		8B1927DA27F5FC5900275E69 /* Release */ = {
			isa = XCBuildConfiguration;
			buildSettings = {
				ALWAYS_SEARCH_USER_PATHS = NO;
				CLANG_ANALYZER_NONNULL = YES;
				CLANG_ANALYZER_NUMBER_OBJECT_CONVERSION = YES_AGGRESSIVE;
				CLANG_CXX_LANGUAGE_STANDARD = "gnu++17";
				CLANG_ENABLE_MODULES = YES;
				CLANG_ENABLE_OBJC_ARC = YES;
				CLANG_ENABLE_OBJC_WEAK = YES;
				CLANG_WARN_BLOCK_CAPTURE_AUTORELEASING = YES;
				CLANG_WARN_BOOL_CONVERSION = YES;
				CLANG_WARN_COMMA = YES;
				CLANG_WARN_CONSTANT_CONVERSION = YES;
				CLANG_WARN_DEPRECATED_OBJC_IMPLEMENTATIONS = YES;
				CLANG_WARN_DIRECT_OBJC_ISA_USAGE = YES_ERROR;
				CLANG_WARN_DOCUMENTATION_COMMENTS = YES;
				CLANG_WARN_EMPTY_BODY = YES;
				CLANG_WARN_ENUM_CONVERSION = YES;
				CLANG_WARN_INFINITE_RECURSION = YES;
				CLANG_WARN_INT_CONVERSION = YES;
				CLANG_WARN_NON_LITERAL_NULL_CONVERSION = YES;
				CLANG_WARN_OBJC_IMPLICIT_RETAIN_SELF = YES;
				CLANG_WARN_OBJC_LITERAL_CONVERSION = YES;
				CLANG_WARN_OBJC_ROOT_CLASS = YES_ERROR;
				CLANG_WARN_QUOTED_INCLUDE_IN_FRAMEWORK_HEADER = YES;
				CLANG_WARN_RANGE_LOOP_ANALYSIS = YES;
				CLANG_WARN_STRICT_PROTOTYPES = YES;
				CLANG_WARN_SUSPICIOUS_MOVE = YES;
				CLANG_WARN_UNGUARDED_AVAILABILITY = YES_AGGRESSIVE;
				CLANG_WARN_UNREACHABLE_CODE = YES;
				CLANG_WARN__DUPLICATE_METHOD_MATCH = YES;
				COPY_PHASE_STRIP = NO;
				DEBUG_INFORMATION_FORMAT = "dwarf-with-dsym";
				ENABLE_NS_ASSERTIONS = NO;
				ENABLE_STRICT_OBJC_MSGSEND = YES;
				GCC_C_LANGUAGE_STANDARD = gnu11;
				GCC_NO_COMMON_BLOCKS = YES;
				GCC_WARN_64_TO_32_BIT_CONVERSION = YES;
				GCC_WARN_ABOUT_RETURN_TYPE = YES_ERROR;
				GCC_WARN_UNDECLARED_SELECTOR = YES;
				GCC_WARN_UNINITIALIZED_AUTOS = YES_AGGRESSIVE;
				GCC_WARN_UNUSED_FUNCTION = YES;
				GCC_WARN_UNUSED_VARIABLE = YES;
				IPHONEOS_DEPLOYMENT_TARGET = 15.4;
				MTL_ENABLE_DEBUG_INFO = NO;
				MTL_FAST_MATH = YES;
				SDKROOT = iphoneos;
				SWIFT_COMPILATION_MODE = wholemodule;
				SWIFT_OPTIMIZATION_LEVEL = "-O";
				VALIDATE_PRODUCT = YES;
			};
			name = Release;
		};
		8B1927DC27F5FC5900275E69 /* Debug */ = {
			isa = XCBuildConfiguration;
			buildSettings = {
				ASSETCATALOG_COMPILER_APPICON_NAME = AppIcon;
				ASSETCATALOG_COMPILER_GLOBAL_ACCENT_COLOR_NAME = AccentColor;
				CODE_SIGN_STYLE = Automatic;
				CURRENT_PROJECT_VERSION = 1;
				DEVELOPMENT_TEAM = Q5C8ADQRUF;
				GENERATE_INFOPLIST_FILE = YES;
				INFOPLIST_KEY_UIApplicationSupportsIndirectInputEvents = YES;
				INFOPLIST_KEY_UILaunchStoryboardName = LaunchScreen;
				INFOPLIST_KEY_UIMainStoryboardFile = Main;
				INFOPLIST_KEY_UIRequiresFullScreen = YES;
				INFOPLIST_KEY_UIStatusBarHidden = YES;
				INFOPLIST_KEY_UISupportedInterfaceOrientations = UIInterfaceOrientationLandscapeRight;
				INFOPLIST_KEY_UISupportedInterfaceOrientations_iPad = "UIInterfaceOrientationPortrait UIInterfaceOrientationPortraitUpsideDown UIInterfaceOrientationLandscapeLeft UIInterfaceOrientationLandscapeRight";
				INFOPLIST_KEY_UISupportedInterfaceOrientations_iPhone = UIInterfaceOrientationLandscapeRight;
				IPHONEOS_DEPLOYMENT_TARGET = 15.0;
				LD_RUNPATH_SEARCH_PATHS = (
					"$(inherited)",
					"@executable_path/Frameworks",
				);
				MARKETING_VERSION = 1.0;
				PRODUCT_BUNDLE_IDENTIFIER = com.swiftgoose.Blasty;
				PRODUCT_NAME = "$(TARGET_NAME)";
				SWIFT_EMIT_LOC_STRINGS = YES;
				SWIFT_VERSION = 5.0;
				TARGETED_DEVICE_FAMILY = "1,2";
			};
			name = Debug;
		};
		8B1927DD27F5FC5900275E69 /* Release */ = {
			isa = XCBuildConfiguration;
			buildSettings = {
				ASSETCATALOG_COMPILER_APPICON_NAME = AppIcon;
				ASSETCATALOG_COMPILER_GLOBAL_ACCENT_COLOR_NAME = AccentColor;
				CODE_SIGN_STYLE = Automatic;
				CURRENT_PROJECT_VERSION = 1;
				DEVELOPMENT_TEAM = Q5C8ADQRUF;
				GENERATE_INFOPLIST_FILE = YES;
				INFOPLIST_KEY_UIApplicationSupportsIndirectInputEvents = YES;
				INFOPLIST_KEY_UILaunchStoryboardName = LaunchScreen;
				INFOPLIST_KEY_UIMainStoryboardFile = Main;
				INFOPLIST_KEY_UIRequiresFullScreen = YES;
				INFOPLIST_KEY_UIStatusBarHidden = YES;
				INFOPLIST_KEY_UISupportedInterfaceOrientations = UIInterfaceOrientationLandscapeRight;
				INFOPLIST_KEY_UISupportedInterfaceOrientations_iPad = "UIInterfaceOrientationPortrait UIInterfaceOrientationPortraitUpsideDown UIInterfaceOrientationLandscapeLeft UIInterfaceOrientationLandscapeRight";
				INFOPLIST_KEY_UISupportedInterfaceOrientations_iPhone = UIInterfaceOrientationLandscapeRight;
				IPHONEOS_DEPLOYMENT_TARGET = 15.0;
				LD_RUNPATH_SEARCH_PATHS = (
					"$(inherited)",
					"@executable_path/Frameworks",
				);
				MARKETING_VERSION = 1.0;
				PRODUCT_BUNDLE_IDENTIFIER = com.swiftgoose.Blasty;
				PRODUCT_NAME = "$(TARGET_NAME)";
				SWIFT_EMIT_LOC_STRINGS = YES;
				SWIFT_VERSION = 5.0;
				TARGETED_DEVICE_FAMILY = "1,2";
			};
			name = Release;
		};
/* End XCBuildConfiguration section */

/* Begin XCConfigurationList section */
		8B1927BF27F5FC5700275E69 /* Build configuration list for PBXProject "Blasty" */ = {
			isa = XCConfigurationList;
			buildConfigurations = (
				8B1927D927F5FC5900275E69 /* Debug */,
				8B1927DA27F5FC5900275E69 /* Release */,
			);
			defaultConfigurationIsVisible = 0;
			defaultConfigurationName = Release;
		};
		8B1927DB27F5FC5900275E69 /* Build configuration list for PBXNativeTarget "Blasty" */ = {
			isa = XCConfigurationList;
			buildConfigurations = (
				8B1927DC27F5FC5900275E69 /* Debug */,
				8B1927DD27F5FC5900275E69 /* Release */,
			);
			defaultConfigurationIsVisible = 0;
			defaultConfigurationName = Release;
		};
/* End XCConfigurationList section */
	};
	rootObject = 8B1927BC27F5FC5700275E69 /* Project object */;
}
